
Microsoft Visual Studio Solution File, Format Version 12.00
# Visual Studio Version 17
VisualStudioVersion = 17.5.002.0
MinimumVisualStudioVersion = 10.0.40219.1
Project("{2150E333-8FDC-42A3-9474-1A3956D46DE8}") = "src", "src", "{AE4AA44F-ED2C-43A2-A16B-71DAB8BB1E22}"
EndProject
Project("{9A19103F-16F7-4668-BE54-9A1E7A4F7556}") = "HostGen.Core", "src\HostGen.Core\HostGen.Core.csproj", "{93114A12-4DE4-4B46-AE9F-F59642357E8D}"
EndProject
Global
	GlobalSection(SolutionConfigurationPlatforms) = preSolution
		Debug|Any CPU = Debug|Any CPU
		Release|Any CPU = Release|Any CPU
	EndGlobalSection
	GlobalSection(ProjectConfigurationPlatforms) = postSolution
		{93114A12-4DE4-4B46-AE9F-F59642357E8D}.Debug|Any CPU.ActiveCfg = Debug|Any CPU
		{93114A12-4DE4-4B46-AE9F-F59642357E8D}.Debug|Any CPU.Build.0 = Debug|Any CPU
		{93114A12-4DE4-4B46-AE9F-F59642357E8D}.Release|Any CPU.ActiveCfg = Release|Any CPU
		{93114A12-4DE4-4B46-AE9F-F59642357E8D}.Release|Any CPU.Build.0 = Release|Any CPU
	EndGlobalSection
	GlobalSection(SolutionProperties) = preSolution
		HideSolutionNode = FALSE
	EndGlobalSection
	GlobalSection(NestedProjects) = preSolution
		{93114A12-4DE4-4B46-AE9F-F59642357E8D} = {AE4AA44F-ED2C-43A2-A16B-71DAB8BB1E22}
	EndGlobalSection
	GlobalSection(ExtensibilityGlobals) = postSolution
		SolutionGuid = {83686B98-7D74-4329-9CA0-D309AF7CF4AD}
	EndGlobalSection
EndGlobal
